Microsoft Visual Studio Solution File, Format Version 11.00
# Visual Studio 2008

Project("{41F2D104-E13C-3685-9345-981756D60FC9}") = "TGS01", "Assembly-CSharp.csproj", "{C0316756-7190-4508-83C5-72E171A97302}"
EndProject
Global
	GlobalSection(SolutionConfigurationPlatforms) = preSolution
		Debug|Any CPU = Debug|Any CPU
		Release|Any CPU = Release|Any CPU
	EndGlobalSection
	GlobalSection(ProjectConfigurationPlatforms) = postSolution
		{C0316756-7190-4508-83C5-72E171A97302}.Debug|Any CPU.ActiveCfg = Debug|Any CPU
		{C0316756-7190-4508-83C5-72E171A97302}.Debug|Any CPU.Build.0 = Debug|Any CPU
		{C0316756-7190-4508-83C5-72E171A97302}.Release|Any CPU.ActiveCfg = Release|Any CPU
		{C0316756-7190-4508-83C5-72E171A97302}.Release|Any CPU.Build.0 = Release|Any CPU
	EndGlobalSection
	GlobalSection(SolutionProperties) = preSolution
		HideSolutionNode = FALSE
	EndGlobalSection
	GlobalSection(MonoDevelopProperties) = preSolution
		StartupItem = Assembly-CSharp.csproj
	EndGlobalSection
EndGlobal
